
Microsoft Visual Studio Solution File, Format Version 12.00
# Visual Studio Version 17
VisualStudioVersion = 17.8.34525.116
MinimumVisualStudioVersion = 10.0.40219.1
Project("{9A19103F-16F7-4668-BE54-9A1E7A4F7556}") = "PCCC.API", "PCCC.API\PCCC.API.csproj", "{B5BD136F-BF17-48FB-A1F6-802A0AE502FD}"
EndProject
Project("{9A19103F-16F7-4668-BE54-9A1E7A4F7556}") = "PCCC.Data", "PCCC.Data\PCCC.Data.csproj", "{C643EB00-2B5B-42DD-A484-4BDF941F9A15}"
EndProject
Project("{9A19103F-16F7-4668-BE54-9A1E7A4F7556}") = "PCCC.Service", "PCCC.Service\PCCC.Service.csproj", "{4C4CE660-8915-4CB7-9B87-80E1D0795C87}"
EndProject
Project("{9A19103F-16F7-4668-BE54-9A1E7A4F7556}") = "PCCC.Common", "PCCC.Common\PCCC.Common.csproj", "{1C374D44-87E6-4D42-819C-38E4C62363A3}"
EndProject
Project("{FAE04EC0-301F-11D3-BF4B-00C04F79EFBC}") = "PCCC.Repository", "PCCC.Repository\PCCC.Repository.csproj", "{30F02153-51E9-493B-8C8B-AE86F41D56EA}"
EndProject
Global
	GlobalSection(SolutionConfigurationPlatforms) = preSolution
		Debug|Any CPU = Debug|Any CPU
		Release|Any CPU = Release|Any CPU
	EndGlobalSection
	GlobalSection(ProjectConfigurationPlatforms) = postSolution
		{B5BD136F-BF17-48FB-A1F6-802A0AE502FD}.Debug|Any CPU.ActiveCfg = Debug|Any CPU
		{B5BD136F-BF17-48FB-A1F6-802A0AE502FD}.Debug|Any CPU.Build.0 = Debug|Any CPU
		{B5BD136F-BF17-48FB-A1F6-802A0AE502FD}.Release|Any CPU.ActiveCfg = Release|Any CPU
		{B5BD136F-BF17-48FB-A1F6-802A0AE502FD}.Release|Any CPU.Build.0 = Release|Any CPU
		{C643EB00-2B5B-42DD-A484-4BDF941F9A15}.Debug|Any CPU.ActiveCfg = Debug|Any CPU
		{C643EB00-2B5B-42DD-A484-4BDF941F9A15}.Debug|Any CPU.Build.0 = Debug|Any CPU
		{C643EB00-2B5B-42DD-A484-4BDF941F9A15}.Release|Any CPU.ActiveCfg = Release|Any CPU
		{C643EB00-2B5B-42DD-A484-4BDF941F9A15}.Release|Any CPU.Build.0 = Release|Any CPU
		{4C4CE660-8915-4CB7-9B87-80E1D0795C87}.Debug|Any CPU.ActiveCfg = Debug|Any CPU
		{4C4CE660-8915-4CB7-9B87-80E1D0795C87}.Debug|Any CPU.Build.0 = Debug|Any CPU
		{4C4CE660-8915-4CB7-9B87-80E1D0795C87}.Release|Any CPU.ActiveCfg = Release|Any CPU
		{4C4CE660-8915-4CB7-9B87-80E1D0795C87}.Release|Any CPU.Build.0 = Release|Any CPU
		{1C374D44-87E6-4D42-819C-38E4C62363A3}.Debug|Any CPU.ActiveCfg = Debug|Any CPU
		{1C374D44-87E6-4D42-819C-38E4C62363A3}.Debug|Any CPU.Build.0 = Debug|Any CPU
		{1C374D44-87E6-4D42-819C-38E4C62363A3}.Release|Any CPU.ActiveCfg = Release|Any CPU
		{1C374D44-87E6-4D42-819C-38E4C62363A3}.Release|Any CPU.Build.0 = Release|Any CPU
		{30F02153-51E9-493B-8C8B-AE86F41D56EA}.Debug|Any CPU.ActiveCfg = Debug|Any CPU
		{30F02153-51E9-493B-8C8B-AE86F41D56EA}.Debug|Any CPU.Build.0 = Debug|Any CPU
		{30F02153-51E9-493B-8C8B-AE86F41D56EA}.Release|Any CPU.ActiveCfg = Release|Any CPU
		{30F02153-51E9-493B-8C8B-AE86F41D56EA}.Release|Any CPU.Build.0 = Release|Any CPU
	EndGlobalSection
	GlobalSection(SolutionProperties) = preSolution
		HideSolutionNode = FALSE
	EndGlobalSection
	GlobalSection(ExtensibilityGlobals) = postSolution
		SolutionGuid = {671A4E29-44AF-4B18-BD75-7459288BD799}
	EndGlobalSection
EndGlobal
